// !$*UTF8*$!
{
	archiveVersion = 1;
	classes = {
	};
	objectVersion = 55;
	objects = {

/* Begin PBXBuildFile section */
		A9662A0F28DB0C5400E0666E /* Sensor.swift in Sources */ = {isa = PBXBuildFile; fileRef = A9662A0E28DB0C5400E0666E /* Sensor.swift */; };
		A9662A1128DB0C5F00E0666E /* Hub.swift in Sources */ = {isa = PBXBuildFile; fileRef = A9662A1028DB0C5F00E0666E /* Hub.swift */; };
		A9662A1328DB10C500E0666E /* MainHomeTableCellSensor.swift in Sources */ = {isa = PBXBuildFile; fileRef = A9662A1228DB10C500E0666E /* MainHomeTableCellSensor.swift */; };
		A9A2D4E928DC547100511F68 /* WifiSelectViewController.swift in Sources */ = {isa = PBXBuildFile; fileRef = A9A2D4E828DC547100511F68 /* WifiSelectViewController.swift */; };
		A9A2D4EB28DC554700511F68 /* Wifi.swift in Sources */ = {isa = PBXBuildFile; fileRef = A9A2D4EA28DC554700511F68 /* Wifi.swift */; };
		A9A2D51D28DD8B8000511F68 /* MainHomeSideViewController.swift in Sources */ = {isa = PBXBuildFile; fileRef = A9A2D51C28DD8B8000511F68 /* MainHomeSideViewController.swift */; };
		A9B958AA28D0375400FFDC08 /* AppDelegate.swift in Sources */ = {isa = PBXBuildFile; fileRef = A9B958A928D0375400FFDC08 /* AppDelegate.swift */; };
		A9B958AC28D0375400FFDC08 /* SceneDelegate.swift in Sources */ = {isa = PBXBuildFile; fileRef = A9B958AB28D0375400FFDC08 /* SceneDelegate.swift */; };
		A9B958AE28D0375400FFDC08 /* ViewController.swift in Sources */ = {isa = PBXBuildFile; fileRef = A9B958AD28D0375400FFDC08 /* ViewController.swift */; };
		A9B958B128D0375400FFDC08 /* Main.storyboard in Resources */ = {isa = PBXBuildFile; fileRef = A9B958AF28D0375400FFDC08 /* Main.storyboard */; };
		A9B958B428D0375400FFDC08 /* MECS.xcdatamodeld in Sources */ = {isa = PBXBuildFile; fileRef = A9B958B228D0375400FFDC08 /* MECS.xcdatamodeld */; };
		A9B958B628D0375600FFDC08 /* Assets.xcassets in Resources */ = {isa = PBXBuildFile; fileRef = A9B958B528D0375600FFDC08 /* Assets.xcassets */; };
		A9B958B928D0375600FFDC08 /* LaunchScreen.storyboard in Resources */ = {isa = PBXBuildFile; fileRef = A9B958B728D0375600FFDC08 /* LaunchScreen.storyboard */; };
		A9B958C228D03A4B00FFDC08 /* Account.storyboard in Resources */ = {isa = PBXBuildFile; fileRef = A9B958C128D03A4B00FFDC08 /* Account.storyboard */; };
		A9B958C428D041F100FFDC08 /* Device.storyboard in Resources */ = {isa = PBXBuildFile; fileRef = A9B958C328D041F100FFDC08 /* Device.storyboard */; };
		A9CD69F228D86E15002DD5F9 /* WifiTableViewCell.swift in Sources */ = {isa = PBXBuildFile; fileRef = A9CD69F128D86E15002DD5F9 /* WifiTableViewCell.swift */; };
		A9CD69F628D86F3D002DD5F9 /* MainHomeSensorTableViewCell.swift in Sources */ = {isa = PBXBuildFile; fileRef = A9CD69F528D86F3D002DD5F9 /* MainHomeSensorTableViewCell.swift */; };
		A9CD69F828D86F4E002DD5F9 /* MainHomeHubTableViewCell.swift in Sources */ = {isa = PBXBuildFile; fileRef = A9CD69F728D86F4E002DD5F9 /* MainHomeHubTableViewCell.swift */; };
		A9CD69FA28D9C17B002DD5F9 /* MainHomeViewController.swift in Sources */ = {isa = PBXBuildFile; fileRef = A9CD69F928D9C17B002DD5F9 /* MainHomeViewController.swift */; };
/* End PBXBuildFile section */

/* Begin PBXFileReference section */
		A9662A0E28DB0C5400E0666E /* Sensor.swift */ = {isa = PBXFileReference; lastKnownFileType = sourcecode.swift; path = Sensor.swift; sourceTree = "<group>"; };
		A9662A1028DB0C5F00E0666E /* Hub.swift */ = {isa = PBXFileReference; lastKnownFileType = sourcecode.swift; path = Hub.swift; sourceTree = "<group>"; };
		A9662A1228DB10C500E0666E /* MainHomeTableCellSensor.swift */ = {isa = PBXFileReference; lastKnownFileType = sourcecode.swift; path = MainHomeTableCellSensor.swift; sourceTree = "<group>"; };
		A9A2D4E828DC547100511F68 /* WifiSelectViewController.swift */ = {isa = PBXFileReference; lastKnownFileType = sourcecode.swift; path = WifiSelectViewController.swift; sourceTree = "<group>"; };
		A9A2D4EA28DC554700511F68 /* Wifi.swift */ = {isa = PBXFileReference; lastKnownFileType = sourcecode.swift; path = Wifi.swift; sourceTree = "<group>"; };
		A9A2D51C28DD8B8000511F68 /* MainHomeSideViewController.swift */ = {isa = PBXFileReference; lastKnownFileType = sourcecode.swift; path = MainHomeSideViewController.swift; sourceTree = "<group>"; };
		A9B958A628D0375400FFDC08 /* MECS.app */ = {isa = PBXFileReference; explicitFileType = wrapper.application; includeInIndex = 0; path = MECS.app; sourceTree = BUILT_PRODUCTS_DIR; };
		A9B958A928D0375400FFDC08 /* AppDelegate.swift */ = {isa = PBXFileReference; lastKnownFileType = sourcecode.swift; path = AppDelegate.swift; sourceTree = "<group>"; };
		A9B958AB28D0375400FFDC08 /* SceneDelegate.swift */ = {isa = PBXFileReference; lastKnownFileType = sourcecode.swift; path = SceneDelegate.swift; sourceTree = "<group>"; };
		A9B958AD28D0375400FFDC08 /* ViewController.swift */ = {isa = PBXFileReference; lastKnownFileType = sourcecode.swift; path = ViewController.swift; sourceTree = "<group>"; };
		A9B958B028D0375400FFDC08 /* Base */ = {isa = PBXFileReference; lastKnownFileType = file.storyboard; name = Base; path = Base.lproj/Main.storyboard; sourceTree = "<group>"; };
		A9B958B328D0375400FFDC08 /* MECS.xcdatamodel */ = {isa = PBXFileReference; lastKnownFileType = wrapper.xcdatamodel; path = MECS.xcdatamodel; sourceTree = "<group>"; };
		A9B958B528D0375600FFDC08 /* Assets.xcassets */ = {isa = PBXFileReference; lastKnownFileType = folder.assetcatalog; path = Assets.xcassets; sourceTree = "<group>"; };
		A9B958B828D0375600FFDC08 /* Base */ = {isa = PBXFileReference; lastKnownFileType = file.storyboard; name = Base; path = Base.lproj/LaunchScreen.storyboard; sourceTree = "<group>"; };
		A9B958BA28D0375600FFDC08 /* Info.plist */ = {isa = PBXFileReference; lastKnownFileType = text.plist.xml; path = Info.plist; sourceTree = "<group>"; };
		A9B958C128D03A4B00FFDC08 /* Account.storyboard */ = {isa = PBXFileReference; lastKnownFileType = file.storyboard; path = Account.storyboard; sourceTree = "<group>"; };
		A9B958C328D041F100FFDC08 /* Device.storyboard */ = {isa = PBXFileReference; lastKnownFileType = file.storyboard; path = Device.storyboard; sourceTree = "<group>"; };
		A9CD69F128D86E15002DD5F9 /* WifiTableViewCell.swift */ = {isa = PBXFileReference; lastKnownFileType = sourcecode.swift; path = WifiTableViewCell.swift; sourceTree = "<group>"; };
		A9CD69F528D86F3D002DD5F9 /* MainHomeSensorTableViewCell.swift */ = {isa = PBXFileReference; lastKnownFileType = sourcecode.swift; path = MainHomeSensorTableViewCell.swift; sourceTree = "<group>"; };
		A9CD69F728D86F4E002DD5F9 /* MainHomeHubTableViewCell.swift */ = {isa = PBXFileReference; lastKnownFileType = sourcecode.swift; path = MainHomeHubTableViewCell.swift; sourceTree = "<group>"; };
		A9CD69F928D9C17B002DD5F9 /* MainHomeViewController.swift */ = {isa = PBXFileReference; lastKnownFileType = sourcecode.swift; path = MainHomeViewController.swift; sourceTree = "<group>"; };
/* End PBXFileReference section */

/* Begin PBXFrameworksBuildPhase section */
		A9B958A328D0375400FFDC08 /* Frameworks */ = {
			isa = PBXFrameworksBuildPhase;
			buildActionMask = 2147483647;
			files = (
			);
			runOnlyForDeploymentPostprocessing = 0;
		};
/* End PBXFrameworksBuildPhase section */

/* Begin PBXGroup section */
		A9B9589D28D0375400FFDC08 = {
			isa = PBXGroup;
			children = (
				A9B958C028D03A2E00FFDC08 /* Display */,
				A9B958A828D0375400FFDC08 /* MECS */,
				A9B958A728D0375400FFDC08 /* Products */,
			);
			sourceTree = "<group>";
		};
		A9B958A728D0375400FFDC08 /* Products */ = {
			isa = PBXGroup;
			children = (
				A9B958A628D0375400FFDC08 /* MECS.app */,
			);
			name = Products;
			sourceTree = "<group>";
		};
		A9B958A828D0375400FFDC08 /* MECS */ = {
			isa = PBXGroup;
			children = (
				A9B958AB28D0375400FFDC08 /* SceneDelegate.swift */,
				A9B958A928D0375400FFDC08 /* AppDelegate.swift */,
				A9CD69ED28D86D3B002DD5F9 /* Model */,
				A9CD69EE28D86D4E002DD5F9 /* View */,
				A9CD69EF28D86D56002DD5F9 /* Controller */,
				A9B958B528D0375600FFDC08 /* Assets.xcassets */,
				A9B958BA28D0375600FFDC08 /* Info.plist */,
				A9B958B228D0375400FFDC08 /* MECS.xcdatamodeld */,
			);
			path = MECS;
			sourceTree = "<group>";
		};
		A9B958C028D03A2E00FFDC08 /* Display */ = {
			isa = PBXGroup;
			children = (
				A9B958AF28D0375400FFDC08 /* Main.storyboard */,
				A9B958B728D0375600FFDC08 /* LaunchScreen.storyboard */,
				A9B958C128D03A4B00FFDC08 /* Account.storyboard */,
				A9B958C328D041F100FFDC08 /* Device.storyboard */,
			);
			path = Display;
			sourceTree = "<group>";
		};
		A9CD69ED28D86D3B002DD5F9 /* Model */ = {
			isa = PBXGroup;
			children = (
				A9662A0E28DB0C5400E0666E /* Sensor.swift */,
				A9662A1028DB0C5F00E0666E /* Hub.swift */,
				A9662A1228DB10C500E0666E /* MainHomeTableCellSensor.swift */,
				A9A2D4EA28DC554700511F68 /* Wifi.swift */,
			);
			path = Model;
			sourceTree = "<group>";
		};
		A9CD69EE28D86D4E002DD5F9 /* View */ = {
			isa = PBXGroup;
			children = (
				A9CD69F028D86DA6002DD5F9 /* TableCell */,
			);
			path = View;
			sourceTree = "<group>";
		};
		A9CD69EF28D86D56002DD5F9 /* Controller */ = {
			isa = PBXGroup;
			children = (
				A9B958AD28D0375400FFDC08 /* ViewController.swift */,
				A9CD69F928D9C17B002DD5F9 /* MainHomeViewController.swift */,
				A9A2D4E828DC547100511F68 /* WifiSelectViewController.swift */,
				A9A2D51C28DD8B8000511F68 /* MainHomeSideViewController.swift */,
			);
			path = Controller;
			sourceTree = "<group>";
		};
		A9CD69F028D86DA6002DD5F9 /* TableCell */ = {
			isa = PBXGroup;
			children = (
				A9CD69F128D86E15002DD5F9 /* WifiTableViewCell.swift */,
				A9CD69F528D86F3D002DD5F9 /* MainHomeSensorTableViewCell.swift */,
				A9CD69F728D86F4E002DD5F9 /* MainHomeHubTableViewCell.swift */,
			);
			path = TableCell;
			sourceTree = "<group>";
		};
/* End PBXGroup section */

/* Begin PBXNativeTarget section */
		A9B958A528D0375400FFDC08 /* MECS */ = {
			isa = PBXNativeTarget;
			buildConfigurationList = A9B958BD28D0375600FFDC08 /* Build configuration list for PBXNativeTarget "MECS" */;
			buildPhases = (
				A9B958A228D0375400FFDC08 /* Sources */,
				A9B958A328D0375400FFDC08 /* Frameworks */,
				A9B958A428D0375400FFDC08 /* Resources */,
			);
			buildRules = (
			);
			dependencies = (
			);
			name = MECS;
			productName = MECS;
			productReference = A9B958A628D0375400FFDC08 /* MECS.app */;
			productType = "com.apple.product-type.application";
		};
/* End PBXNativeTarget section */

/* Begin PBXProject section */
		A9B9589E28D0375400FFDC08 /* Project object */ = {
			isa = PBXProject;
			attributes = {
				BuildIndependentTargetsInParallel = 1;
				LastSwiftUpdateCheck = 1340;
				LastUpgradeCheck = 1340;
				TargetAttributes = {
					A9B958A528D0375400FFDC08 = {
						CreatedOnToolsVersion = 13.4.1;
					};
				};
			};
			buildConfigurationList = A9B958A128D0375400FFDC08 /* Build configuration list for PBXProject "MECS" */;
			compatibilityVersion = "Xcode 13.0";
			developmentRegion = en;
			hasScannedForEncodings = 0;
			knownRegions = (
				en,
				Base,
			);
			mainGroup = A9B9589D28D0375400FFDC08;
			productRefGroup = A9B958A728D0375400FFDC08 /* Products */;
			projectDirPath = "";
			projectRoot = "";
			targets = (
				A9B958A528D0375400FFDC08 /* MECS */,
			);
		};
/* End PBXProject section */

/* Begin PBXResourcesBuildPhase section */
		A9B958A428D0375400FFDC08 /* Resources */ = {
			isa = PBXResourcesBuildPhase;
			buildActionMask = 2147483647;
			files = (
				A9B958B928D0375600FFDC08 /* LaunchScreen.storyboard in Resources */,
				A9B958B628D0375600FFDC08 /* Assets.xcassets in Resources */,
				A9B958C228D03A4B00FFDC08 /* Account.storyboard in Resources */,
				A9B958C428D041F100FFDC08 /* Device.storyboard in Resources */,
				A9B958B128D0375400FFDC08 /* Main.storyboard in Resources */,
			);
			runOnlyForDeploymentPostprocessing = 0;
		};
/* End PBXResourcesBuildPhase section */

/* Begin PBXSourcesBuildPhase section */
		A9B958A228D0375400FFDC08 /* Sources */ = {
			isa = PBXSourcesBuildPhase;
			buildActionMask = 2147483647;
			files = (
				A9B958AE28D0375400FFDC08 /* ViewController.swift in Sources */,
				A9CD69F828D86F4E002DD5F9 /* MainHomeHubTableViewCell.swift in Sources */,
				A9CD69F628D86F3D002DD5F9 /* MainHomeSensorTableViewCell.swift in Sources */,
				A9A2D4E928DC547100511F68 /* WifiSelectViewController.swift in Sources */,
				A9B958B428D0375400FFDC08 /* MECS.xcdatamodeld in Sources */,
				A9662A0F28DB0C5400E0666E /* Sensor.swift in Sources */,
				A9662A1128DB0C5F00E0666E /* Hub.swift in Sources */,
				A9CD69FA28D9C17B002DD5F9 /* MainHomeViewController.swift in Sources */,
				A9CD69F228D86E15002DD5F9 /* WifiTableViewCell.swift in Sources */,
				A9B958AA28D0375400FFDC08 /* AppDelegate.swift in Sources */,
				A9A2D51D28DD8B8000511F68 /* MainHomeSideViewController.swift in Sources */,
				A9B958AC28D0375400FFDC08 /* SceneDelegate.swift in Sources */,
				A9A2D4EB28DC554700511F68 /* Wifi.swift in Sources */,
				A9662A1328DB10C500E0666E /* MainHomeTableCellSensor.swift in Sources */,
			);
			runOnlyForDeploymentPostprocessing = 0;
		};
/* End PBXSourcesBuildPhase section */

/* Begin PBXVariantGroup section */
		A9B958AF28D0375400FFDC08 /* Main.storyboard */ = {
			isa = PBXVariantGroup;
			children = (
				A9B958B028D0375400FFDC08 /* Base */,
			);
			name = Main.storyboard;
			sourceTree = "<group>";
		};
		A9B958B728D0375600FFDC08 /* LaunchScreen.storyboard */ = {
			isa = PBXVariantGroup;
			children = (
				A9B958B828D0375600FFDC08 /* Base */,
			);
			name = LaunchScreen.storyboard;
			sourceTree = "<group>";
		};
/* End PBXVariantGroup section */

/* Begin XCBuildConfiguration section */
		A9B958BB28D0375600FFDC08 /* Debug */ = {
			isa = XCBuildConfiguration;
			buildSettings = {
				ALWAYS_SEARCH_USER_PATHS = NO;
				CLANG_ANALYZER_NONNULL = YES;
				CLANG_ANALYZER_NUMBER_OBJECT_CONVERSION = YES_AGGRESSIVE;
				CLANG_CXX_LANGUAGE_STANDARD = "gnu++17";
				CLANG_ENABLE_MODULES = YES;
				CLANG_ENABLE_OBJC_ARC = YES;
				CLANG_ENABLE_OBJC_WEAK = YES;
				CLANG_WARN_BLOCK_CAPTURE_AUTORELEASING = YES;
				CLANG_WARN_BOOL_CONVERSION = YES;
				CLANG_WARN_COMMA = YES;
				CLANG_WARN_CONSTANT_CONVERSION = YES;
				CLANG_WARN_DEPRECATED_OBJC_IMPLEMENTATIONS = YES;
				CLANG_WARN_DIRECT_OBJC_ISA_USAGE = YES_ERROR;
				CLANG_WARN_DOCUMENTATION_COMMENTS = YES;
				CLANG_WARN_EMPTY_BODY = YES;
				CLANG_WARN_ENUM_CONVERSION = YES;
				CLANG_WARN_INFINITE_RECURSION = YES;
				CLANG_WARN_INT_CONVERSION = YES;
				CLANG_WARN_NON_LITERAL_NULL_CONVERSION = YES;
				CLANG_WARN_OBJC_IMPLICIT_RETAIN_SELF = YES;
				CLANG_WARN_OBJC_LITERAL_CONVERSION = YES;
				CLANG_WARN_OBJC_ROOT_CLASS = YES_ERROR;
				CLANG_WARN_QUOTED_INCLUDE_IN_FRAMEWORK_HEADER = YES;
				CLANG_WARN_RANGE_LOOP_ANALYSIS = YES;
				CLANG_WARN_STRICT_PROTOTYPES = YES;
				CLANG_WARN_SUSPICIOUS_MOVE = YES;
				CLANG_WARN_UNGUARDED_AVAILABILITY = YES_AGGRESSIVE;
				CLANG_WARN_UNREACHABLE_CODE = YES;
				CLANG_WARN__DUPLICATE_METHOD_MATCH = YES;
				COPY_PHASE_STRIP = NO;
				DEBUG_INFORMATION_FORMAT = dwarf;
				ENABLE_STRICT_OBJC_MSGSEND = YES;
				ENABLE_TESTABILITY = YES;
				GCC_C_LANGUAGE_STANDARD = gnu11;
				GCC_DYNAMIC_NO_PIC = NO;
				GCC_NO_COMMON_BLOCKS = YES;
				GCC_OPTIMIZATION_LEVEL = 0;
				GCC_PREPROCESSOR_DEFINITIONS = (
					"DEBUG=1",
					"$(inherited)",
				);
				GCC_WARN_64_TO_32_BIT_CONVERSION = YES;
				GCC_WARN_ABOUT_RETURN_TYPE = YES_ERROR;
				GCC_WARN_UNDECLARED_SELECTOR = YES;
				GCC_WARN_UNINITIALIZED_AUTOS = YES_AGGRESSIVE;
				GCC_WARN_UNUSED_FUNCTION = YES;
				GCC_WARN_UNUSED_VARIABLE = YES;
				IPHONEOS_DEPLOYMENT_TARGET = 15.5;
				MTL_ENABLE_DEBUG_INFO = INCLUDE_SOURCE;
				MTL_FAST_MATH = YES;
				ONLY_ACTIVE_ARCH = YES;
				SDKROOT = iphoneos;
				SWIFT_ACTIVE_COMPILATION_CONDITIONS = DEBUG;
				SWIFT_OPTIMIZATION_LEVEL = "-Onone";
			};
			name = Debug;
		};
		A9B958BC28D0375600FFDC08 /* Release */ = {
			isa = XCBuildConfiguration;
			buildSettings = {
				ALWAYS_SEARCH_USER_PATHS = NO;
				CLANG_ANALYZER_NONNULL = YES;
				CLANG_ANALYZER_NUMBER_OBJECT_CONVERSION = YES_AGGRESSIVE;
				CLANG_CXX_LANGUAGE_STANDARD = "gnu++17";
				CLANG_ENABLE_MODULES = YES;
				CLANG_ENABLE_OBJC_ARC = YES;
				CLANG_ENABLE_OBJC_WEAK = YES;
				CLANG_WARN_BLOCK_CAPTURE_AUTORELEASING = YES;
				CLANG_WARN_BOOL_CONVERSION = YES;
				CLANG_WARN_COMMA = YES;
				CLANG_WARN_CONSTANT_CONVERSION = YES;
				CLANG_WARN_DEPRECATED_OBJC_IMPLEMENTATIONS = YES;
				CLANG_WARN_DIRECT_OBJC_ISA_USAGE = YES_ERROR;
				CLANG_WARN_DOCUMENTATION_COMMENTS = YES;
				CLANG_WARN_EMPTY_BODY = YES;
				CLANG_WARN_ENUM_CONVERSION = YES;
				CLANG_WARN_INFINITE_RECURSION = YES;
				CLANG_WARN_INT_CONVERSION = YES;
				CLANG_WARN_NON_LITERAL_NULL_CONVERSION = YES;
				CLANG_WARN_OBJC_IMPLICIT_RETAIN_SELF = YES;
				CLANG_WARN_OBJC_LITERAL_CONVERSION = YES;
				CLANG_WARN_OBJC_ROOT_CLASS = YES_ERROR;
				CLANG_WARN_QUOTED_INCLUDE_IN_FRAMEWORK_HEADER = YES;
				CLANG_WARN_RANGE_LOOP_ANALYSIS = YES;
				CLANG_WARN_STRICT_PROTOTYPES = YES;
				CLANG_WARN_SUSPICIOUS_MOVE = YES;
				CLANG_WARN_UNGUARDED_AVAILABILITY = YES_AGGRESSIVE;
				CLANG_WARN_UNREACHABLE_CODE = YES;
				CLANG_WARN__DUPLICATE_METHOD_MATCH = YES;
				COPY_PHASE_STRIP = NO;
				DEBUG_INFORMATION_FORMAT = "dwarf-with-dsym";
				ENABLE_NS_ASSERTIONS = NO;
				ENABLE_STRICT_OBJC_MSGSEND = YES;
				GCC_C_LANGUAGE_STANDARD = gnu11;
				GCC_NO_COMMON_BLOCKS = YES;
				GCC_WARN_64_TO_32_BIT_CONVERSION = YES;
				GCC_WARN_ABOUT_RETURN_TYPE = YES_ERROR;
				GCC_WARN_UNDECLARED_SELECTOR = YES;
				GCC_WARN_UNINITIALIZED_AUTOS = YES_AGGRESSIVE;
				GCC_WARN_UNUSED_FUNCTION = YES;
				GCC_WARN_UNUSED_VARIABLE = YES;
				IPHONEOS_DEPLOYMENT_TARGET = 15.5;
				MTL_ENABLE_DEBUG_INFO = NO;
				MTL_FAST_MATH = YES;
				SDKROOT = iphoneos;
				SWIFT_COMPILATION_MODE = wholemodule;
				SWIFT_OPTIMIZATION_LEVEL = "-O";
				VALIDATE_PRODUCT = YES;
			};
			name = Release;
		};
		A9B958BE28D0375600FFDC08 /* Debug */ = {
			isa = XCBuildConfiguration;
			buildSettings = {
				ASSETCATALOG_COMPILER_APPICON_NAME = AppIcon;
				ASSETCATALOG_COMPILER_GLOBAL_ACCENT_COLOR_NAME = AccentColor;
				CODE_SIGN_STYLE = Automatic;
				CURRENT_PROJECT_VERSION = 1;
				DEVELOPMENT_TEAM = URTJJ24R4X;
				GENERATE_INFOPLIST_FILE = YES;
				INFOPLIST_FILE = MECS/Info.plist;
				INFOPLIST_KEY_UIApplicationSupportsIndirectInputEvents = YES;
				INFOPLIST_KEY_UILaunchStoryboardName = LaunchScreen;
				INFOPLIST_KEY_UIMainStoryboardFile = Main;
				INFOPLIST_KEY_UISupportedInterfaceOrientations_iPad = "UIInterfaceOrientationPortrait UIInterfaceOrientationPortraitUpsideDown UIInterfaceOrientationLandscapeLeft UIInterfaceOrientationLandscapeRight";
				INFOPLIST_KEY_UISupportedInterfaceOrientations_iPhone = "UIInterfaceOrientationPortrait UIInterfaceOrientationLandscapeLeft UIInterfaceOrientationLandscapeRight";
				IPHONEOS_DEPLOYMENT_TARGET = 13.0;
				LD_RUNPATH_SEARCH_PATHS = (
					"$(inherited)",
					"@executable_path/Frameworks",
				);
				MARKETING_VERSION = 1.0;
				PRODUCT_BUNDLE_IDENTIFIER = com.monit.MECS;
				PRODUCT_NAME = "$(TARGET_NAME)";
				SWIFT_EMIT_LOC_STRINGS = YES;
				SWIFT_VERSION = 5.0;
				TARGETED_DEVICE_FAMILY = "1,2";
			};
			name = Debug;
		};
		A9B958BF28D0375600FFDC08 /* Release */ = {
			isa = XCBuildConfiguration;
			buildSettings = {
				ASSETCATALOG_COMPILER_APPICON_NAME = AppIcon;
				ASSETCATALOG_COMPILER_GLOBAL_ACCENT_COLOR_NAME = AccentColor;
				CODE_SIGN_STYLE = Automatic;
				CURRENT_PROJECT_VERSION = 1;
				DEVELOPMENT_TEAM = URTJJ24R4X;
				GENERATE_INFOPLIST_FILE = YES;
				INFOPLIST_FILE = MECS/Info.plist;
				INFOPLIST_KEY_UIApplicationSupportsIndirectInputEvents = YES;
				INFOPLIST_KEY_UILaunchStoryboardName = LaunchScreen;
				INFOPLIST_KEY_UIMainStoryboardFile = Main;
				INFOPLIST_KEY_UISupportedInterfaceOrientations_iPad = "UIInterfaceOrientationPortrait UIInterfaceOrientationPortraitUpsideDown UIInterfaceOrientationLandscapeLeft UIInterfaceOrientationLandscapeRight";
				INFOPLIST_KEY_UISupportedInterfaceOrientations_iPhone = "UIInterfaceOrientationPortrait UIInterfaceOrientationLandscapeLeft UIInterfaceOrientationLandscapeRight";
				IPHONEOS_DEPLOYMENT_TARGET = 13.0;
				LD_RUNPATH_SEARCH_PATHS = (
					"$(inherited)",
					"@executable_path/Frameworks",
				);
				MARKETING_VERSION = 1.0;
				PRODUCT_BUNDLE_IDENTIFIER = com.monit.MECS;
				PRODUCT_NAME = "$(TARGET_NAME)";
				SWIFT_EMIT_LOC_STRINGS = YES;
				SWIFT_VERSION = 5.0;
				TARGETED_DEVICE_FAMILY = "1,2";
			};
			name = Release;
		};
/* End XCBuildConfiguration section */

/* Begin XCConfigurationList section */
		A9B958A128D0375400FFDC08 /* Build configuration list for PBXProject "MECS" */ = {
			isa = XCConfigurationList;
			buildConfigurations = (
				A9B958BB28D0375600FFDC08 /* Debug */,
				A9B958BC28D0375600FFDC08 /* Release */,
			);
			defaultConfigurationIsVisible = 0;
			defaultConfigurationName = Release;
		};
		A9B958BD28D0375600FFDC08 /* Build configuration list for PBXNativeTarget "MECS" */ = {
			isa = XCConfigurationList;
			buildConfigurations = (
				A9B958BE28D0375600FFDC08 /* Debug */,
				A9B958BF28D0375600FFDC08 /* Release */,
			);
			defaultConfigurationIsVisible = 0;
			defaultConfigurationName = Release;
		};
/* End XCConfigurationList section */

/* Begin XCVersionGroup section */
		A9B958B228D0375400FFDC08 /* MECS.xcdatamodeld */ = {
			isa = XCVersionGroup;
			children = (
				A9B958B328D0375400FFDC08 /* MECS.xcdatamodel */,
			);
			currentVersion = A9B958B328D0375400FFDC08 /* MECS.xcdatamodel */;
			path = MECS.xcdatamodeld;
			sourceTree = "<group>";
			versionGroupType = wrapper.xcdatamodel;
		};
/* End XCVersionGroup section */
	};
	rootObject = A9B9589E28D0375400FFDC08 /* Project object */;
}
